{
  "lockfile_version": "1",
  "packages": {
    "github:NixOS/nixpkgs/nixpkgs-unstable": {
      "last_modified": "2026-02-27T06:27:13Z",
      "resolved": "github:NixOS/nixpkgs/c0f3d81a7ddbc2b1332be0d8481a672b4f6004d6?lastModified=1772173633&narHash=sha256-MOH58F4AIbCkh6qlQcwMycyk5SWvsqnS%2FTCfnqDlpj4%3D"
    },
    "ngrok@latest": {
      "last_modified": "2026-02-23T15:40:43Z",
      "resolved": "github:NixOS/nixpkgs/80d901ec0377e19ac3f7bb8c035201e2e098cc97#ngrok",
      "source": "devbox-search",
      "version": "3.31.0",
      "systems": {
        "aarch64-darwin": {
          "outputs": [
            {
              "name": "out",
              "path": "/nix/store/pkb2hk0msac2rhzlipvj4bm236sxq1jd-ngrok-3.31.0",
              "default": true
            }
          ],
          "store_path": "/nix/store/pkb2hk0msac2rhzlipvj4bm236sxq1jd-ngrok-3.31.0"
        },
        "aarch64-linux": {
          "outputs": [
            {
              "name": "out",
              "path": "/nix/store/m6dy3i3invlivrsm0mnd7f7g2jg357rg-ngrok-3.31.0",
              "default": true
            }
          ],
          "store_path": "/nix/store/m6dy3i3invlivrsm0mnd7f7g2jg357rg-ngrok-3.31.0"
        },
        "x86_64-darwin": {
          "outputs": [
            {
              "name": "out",
              "path": "/nix/store/xccj083y0hkzgx1a6x58x2dldmhlja9y-ngrok-3.31.0",
              "default": true
            }
          ],
          "store_path": "/nix/store/xccj083y0hkzgx1a6x58x2dldmhlja9y-ngrok-3.31.0"
        },
        "x86_64-linux": {
          "outputs": [
            {
              "name": "out",
              "path": "/nix/store/50m2g2nkjrh3pv7crcq9g001yzhai0il-ngrok-3.31.0",
              "default": true
            }
          ],
          "store_path": "/nix/store/50m2g2nkjrh3pv7crcq9g001yzhai0il-ngrok-3.31.0"
        }
      }
    }
  }
}
